
Microsoft Visual Studio Solution File, Format Version 12.00
# Visual Studio 15
VisualStudioVersion = 15.0.26730.3
MinimumVisualStudioVersion = 10.0.40219.1
Project("{FAE04EC0-301F-11D3-BF4B-00C04F79EFBC}") = "Painter", "Painter\Painter.csproj", "{ECF0A8A9-C09E-41B5-AC7E-7DE6B8CCB1B6}"
EndProject
Project("{FAE04EC0-301F-11D3-BF4B-00C04F79EFBC}") = "FigureWithTextPlugin", "FigureWithTextPlugin\FigureWithTextPlugin.csproj", "{2CA1F019-6939-4563-A951-DC8C7FB72185}"
EndProject
Project("{FAE04EC0-301F-11D3-BF4B-00C04F79EFBC}") = "FigureWithImagePlugin", "FigureWithImagePlugin\FigureWithImagePlugin.csproj", "{BE4D0626-2071-4858-9095-E28743A0146D}"
EndProject
Project("{FAE04EC0-301F-11D3-BF4B-00C04F79EFBC}") = "Plugins", "Plugins\Plugins.csproj", "{AD561C6B-E822-4ED8-8EBD-C256DFE7DFA1}"
EndProject
Project("{FAE04EC0-301F-11D3-BF4B-00C04F79EFBC}") = "Tests", "Tests\Tests.csproj", "{BB8705EA-BA34-4DFC-97D0-2231A531D06C}"
EndProject
Global
	GlobalSection(SolutionConfigurationPlatforms) = preSolution
		Debug|Any CPU = Debug|Any CPU
		Release|Any CPU = Release|Any CPU
	EndGlobalSection
	GlobalSection(ProjectConfigurationPlatforms) = postSolution
		{ECF0A8A9-C09E-41B5-AC7E-7DE6B8CCB1B6}.Debug|Any CPU.ActiveCfg = Debug|Any CPU
		{ECF0A8A9-C09E-41B5-AC7E-7DE6B8CCB1B6}.Debug|Any CPU.Build.0 = Debug|Any CPU
		{ECF0A8A9-C09E-41B5-AC7E-7DE6B8CCB1B6}.Release|Any CPU.ActiveCfg = Release|Any CPU
		{ECF0A8A9-C09E-41B5-AC7E-7DE6B8CCB1B6}.Release|Any CPU.Build.0 = Release|Any CPU
		{2CA1F019-6939-4563-A951-DC8C7FB72185}.Debug|Any CPU.ActiveCfg = Debug|Any CPU
		{2CA1F019-6939-4563-A951-DC8C7FB72185}.Debug|Any CPU.Build.0 = Debug|Any CPU
		{2CA1F019-6939-4563-A951-DC8C7FB72185}.Release|Any CPU.ActiveCfg = Release|Any CPU
		{2CA1F019-6939-4563-A951-DC8C7FB72185}.Release|Any CPU.Build.0 = Release|Any CPU
		{BE4D0626-2071-4858-9095-E28743A0146D}.Debug|Any CPU.ActiveCfg = Debug|Any CPU
		{BE4D0626-2071-4858-9095-E28743A0146D}.Debug|Any CPU.Build.0 = Debug|Any CPU
		{BE4D0626-2071-4858-9095-E28743A0146D}.Release|Any CPU.ActiveCfg = Release|Any CPU
		{BE4D0626-2071-4858-9095-E28743A0146D}.Release|Any CPU.Build.0 = Release|Any CPU
		{AD561C6B-E822-4ED8-8EBD-C256DFE7DFA1}.Debug|Any CPU.ActiveCfg = Debug|Any CPU
		{AD561C6B-E822-4ED8-8EBD-C256DFE7DFA1}.Debug|Any CPU.Build.0 = Debug|Any CPU
		{AD561C6B-E822-4ED8-8EBD-C256DFE7DFA1}.Release|Any CPU.ActiveCfg = Release|Any CPU
		{AD561C6B-E822-4ED8-8EBD-C256DFE7DFA1}.Release|Any CPU.Build.0 = Release|Any CPU
		{BB8705EA-BA34-4DFC-97D0-2231A531D06C}.Debug|Any CPU.ActiveCfg = Debug|Any CPU
		{BB8705EA-BA34-4DFC-97D0-2231A531D06C}.Debug|Any CPU.Build.0 = Debug|Any CPU
		{BB8705EA-BA34-4DFC-97D0-2231A531D06C}.Release|Any CPU.ActiveCfg = Release|Any CPU
		{BB8705EA-BA34-4DFC-97D0-2231A531D06C}.Release|Any CPU.Build.0 = Release|Any CPU
	EndGlobalSection
	GlobalSection(SolutionProperties) = preSolution
		HideSolutionNode = FALSE
	EndGlobalSection
	GlobalSection(ExtensibilityGlobals) = postSolution
		SolutionGuid = {2A8394FC-E395-4484-95C6-5CF982FD2FA6}
	EndGlobalSection
EndGlobal
